PODS:
  - Alamofire (4.8.0)
  - Realm (3.13.0):
    - Realm/Headers (= 3.13.0)
  - Realm/Headers (3.13.0)
  - RealmSwift (3.13.0):
    - Realm (= 3.13.0)

DEPENDENCIES:
  - Alamofire
  - RealmSwift

SPEC REPOS:
  https://github.com/cocoapods/specs.git:
    - Alamofire
    - Realm
    - RealmSwift

SPEC CHECKSUMS:
  Alamofire: 3ec537f71edc9804815215393ae2b1a8ea33a844
  Realm: 5edd2ee65406aef591a4f9895de5a3440e51b3d8
  RealmSwift: be5ebc7930e37cd3376b41cec7f21984528aaa16

PODFILE CHECKSUM: 033d50b6ae3ee09ceab16ad5cd2a4e54ea975f7d

COCOAPODS: 1.5.3
